
Microsoft Visual Studio Solution File, Format Version 12.00
# Visual Studio Version 17
VisualStudioVersion = 17.5.33516.290
MinimumVisualStudioVersion = 10.0.40219.1
Project("{FAE04EC0-301F-11D3-BF4B-00C04F79EFBC}") = "GalaxyDataBase", "GalaxyDataBase\GalaxyDataBase.csproj", "{249FAA70-EE6D-43F1-9A91-090BDAC2FF36}"
EndProject
Global
	GlobalSection(SolutionConfigurationPlatforms) = preSolution
		Debug|Any CPU = Debug|Any CPU
		Release|Any CPU = Release|Any CPU
	EndGlobalSection
	GlobalSection(ProjectConfigurationPlatforms) = postSolution
		{249FAA70-EE6D-43F1-9A91-090BDAC2FF36}.Debug|Any CPU.ActiveCfg = Debug|Any CPU
		{249FAA70-EE6D-43F1-9A91-090BDAC2FF36}.Debug|Any CPU.Build.0 = Debug|Any CPU
		{249FAA70-EE6D-43F1-9A91-090BDAC2FF36}.Release|Any CPU.ActiveCfg = Release|Any CPU
		{249FAA70-EE6D-43F1-9A91-090BDAC2FF36}.Release|Any CPU.Build.0 = Release|Any CPU
	EndGlobalSection
	GlobalSection(SolutionProperties) = preSolution
		HideSolutionNode = FALSE
	EndGlobalSection
	GlobalSection(ExtensibilityGlobals) = postSolution
		SolutionGuid = {7F430BF3-988F-4682-8015-D8963224CA26}
	EndGlobalSection
EndGlobal
